
Microsoft Visual Studio Solution File, Format Version 12.00
# Visual Studio Version 18
VisualStudioVersion = 18.4.11626.88
MinimumVisualStudioVersion = 10.0.40219.1
Project("{FAE04EC0-301F-11D3-BF4B-00C04F79EFBC}") = "Tjb.Shared", "src\Tjb.Shared\Tjb.Shared.csproj", "{9CA2550B-AC3C-4790-B3D8-3A22410AA6DA}"
EndProject
Project("{FAE04EC0-301F-11D3-BF4B-00C04F79EFBC}") = "Tjb.Data", "src\Tjb.Data\Tjb.Data.csproj", "{E439E92D-B049-4D66-AABA-CF9E2EF6AE98}"
EndProject
Project("{FAE04EC0-301F-11D3-BF4B-00C04F79EFBC}") = "Tjb.Api", "src\Tjb.Api\Tjb.Api.csproj", "{BC60927F-30A5-4A89-BA1F-C9E7ADF03215}"
EndProject
Project("{FAE04EC0-301F-11D3-BF4B-00C04F79EFBC}") = "Tjb.Migrations", "src\Tjb.Migrations\Tjb.Migrations.csproj", "{00A7CCBB-3BBC-49F6-A6F5-D72FB1324B5A}"
EndProject
Project("{FAE04EC0-301F-11D3-BF4B-00C04F79EFBC}") = "Tjb.UiTests", "src\Tjb.UiTests\Tjb.UiTests.csproj", "{A1B2C3D4-E5F6-789A-BCDE-F0123456789A}"
EndProject
Project("{FAE04EC0-301F-11D3-BF4B-00C04F79EFBC}") = "Tjb.Web", "src\Tjb.Web\Tjb.Web.csproj", "{E654415A-919F-260B-8EA2-6C69C794F97C}"
EndProject
Project("{2150E333-8FDC-42A3-9474-1A3956D46DE8}") = "src", "src", "{827E0CD3-B72D-47B6-A68D-7590B98EB39B}"
EndProject
Project("{FAE04EC0-301F-11D3-BF4B-00C04F79EFBC}") = "YadaYada.AwsWebApp.DeploymentStack", "src\YadaYada.AwsWebApp.DeploymentStack\YadaYada.AwsWebApp.DeploymentStack.csproj", "{9F684D97-E917-4C27-B0B6-3FA547E35F8A}"
EndProject
Project("{FAE04EC0-301F-11D3-BF4B-00C04F79EFBC}") = "Tjb.Data.Test", "src\Tjb.Data.Test\Tjb.Data.Test.csproj", "{303A6D8A-C214-498D-85A4-68A9D95FBCBB}"
EndProject
Global
	GlobalSection(SolutionConfigurationPlatforms) = preSolution
		Debug|Any CPU = Debug|Any CPU
		Debug|x64 = Debug|x64
		Debug|x86 = Debug|x86
		Release|Any CPU = Release|Any CPU
		Release|x64 = Release|x64
		Release|x86 = Release|x86
	EndGlobalSection
	GlobalSection(ProjectConfigurationPlatforms) = postSolution
		{9CA2550B-AC3C-4790-B3D8-3A22410AA6DA}.Debug|Any CPU.ActiveCfg = Debug|Any CPU
		{9CA2550B-AC3C-4790-B3D8-3A22410AA6DA}.Debug|Any CPU.Build.0 = Debug|Any CPU
		{9CA2550B-AC3C-4790-B3D8-3A22410AA6DA}.Debug|x64.ActiveCfg = Debug|Any CPU
		{9CA2550B-AC3C-4790-B3D8-3A22410AA6DA}.Debug|x64.Build.0 = Debug|Any CPU
		{9CA2550B-AC3C-4790-B3D8-3A22410AA6DA}.Debug|x86.ActiveCfg = Debug|Any CPU
		{9CA2550B-AC3C-4790-B3D8-3A22410AA6DA}.Debug|x86.Build.0 = Debug|Any CPU
		{9CA2550B-AC3C-4790-B3D8-3A22410AA6DA}.Release|Any CPU.ActiveCfg = Release|Any CPU
		{9CA2550B-AC3C-4790-B3D8-3A22410AA6DA}.Release|Any CPU.Build.0 = Release|Any CPU
		{9CA2550B-AC3C-4790-B3D8-3A22410AA6DA}.Release|x64.ActiveCfg = Release|Any CPU
		{9CA2550B-AC3C-4790-B3D8-3A22410AA6DA}.Release|x64.Build.0 = Release|Any CPU
		{9CA2550B-AC3C-4790-B3D8-3A22410AA6DA}.Release|x86.ActiveCfg = Release|Any CPU
		{9CA2550B-AC3C-4790-B3D8-3A22410AA6DA}.Release|x86.Build.0 = Release|Any CPU
		{E439E92D-B049-4D66-AABA-CF9E2EF6AE98}.Debug|Any CPU.ActiveCfg = Debug|Any CPU
		{E439E92D-B049-4D66-AABA-CF9E2EF6AE98}.Debug|Any CPU.Build.0 = Debug|Any CPU
		{E439E92D-B049-4D66-AABA-CF9E2EF6AE98}.Debug|x64.ActiveCfg = Debug|Any CPU
		{E439E92D-B049-4D66-AABA-CF9E2EF6AE98}.Debug|x64.Build.0 = Debug|Any CPU
		{E439E92D-B049-4D66-AABA-CF9E2EF6AE98}.Debug|x86.ActiveCfg = Debug|Any CPU
		{E439E92D-B049-4D66-AABA-CF9E2EF6AE98}.Debug|x86.Build.0 = Debug|Any CPU
		{E439E92D-B049-4D66-AABA-CF9E2EF6AE98}.Release|Any CPU.ActiveCfg = Release|Any CPU
		{E439E92D-B049-4D66-AABA-CF9E2EF6AE98}.Release|Any CPU.Build.0 = Release|Any CPU
		{E439E92D-B049-4D66-AABA-CF9E2EF6AE98}.Release|x64.ActiveCfg = Release|Any CPU
		{E439E92D-B049-4D66-AABA-CF9E2EF6AE98}.Release|x64.Build.0 = Release|Any CPU
		{E439E92D-B049-4D66-AABA-CF9E2EF6AE98}.Release|x86.ActiveCfg = Release|Any CPU
		{E439E92D-B049-4D66-AABA-CF9E2EF6AE98}.Release|x86.Build.0 = Release|Any CPU
		{BC60927F-30A5-4A89-BA1F-C9E7ADF03215}.Debug|Any CPU.ActiveCfg = Debug|Any CPU
		{BC60927F-30A5-4A89-BA1F-C9E7ADF03215}.Debug|Any CPU.Build.0 = Debug|Any CPU
		{BC60927F-30A5-4A89-BA1F-C9E7ADF03215}.Debug|x64.ActiveCfg = Debug|Any CPU
		{BC60927F-30A5-4A89-BA1F-C9E7ADF03215}.Debug|x64.Build.0 = Debug|Any CPU
		{BC60927F-30A5-4A89-BA1F-C9E7ADF03215}.Debug|x86.ActiveCfg = Debug|Any CPU
		{BC60927F-30A5-4A89-BA1F-C9E7ADF03215}.Debug|x86.Build.0 = Debug|Any CPU
		{BC60927F-30A5-4A89-BA1F-C9E7ADF03215}.Release|Any CPU.ActiveCfg = Release|Any CPU
		{BC60927F-30A5-4A89-BA1F-C9E7ADF03215}.Release|Any CPU.Build.0 = Release|Any CPU
		{BC60927F-30A5-4A89-BA1F-C9E7ADF03215}.Release|x64.ActiveCfg = Release|Any CPU
		{BC60927F-30A5-4A89-BA1F-C9E7ADF03215}.Release|x64.Build.0 = Release|Any CPU
		{BC60927F-30A5-4A89-BA1F-C9E7ADF03215}.Release|x86.ActiveCfg = Release|Any CPU
		{BC60927F-30A5-4A89-BA1F-C9E7ADF03215}.Release|x86.Build.0 = Release|Any CPU
		{00A7CCBB-3BBC-49F6-A6F5-D72FB1324B5A}.Debug|Any CPU.ActiveCfg = Debug|Any CPU
		{00A7CCBB-3BBC-49F6-A6F5-D72FB1324B5A}.Debug|Any CPU.Build.0 = Debug|Any CPU
		{00A7CCBB-3BBC-49F6-A6F5-D72FB1324B5A}.Debug|x64.ActiveCfg = Debug|Any CPU
		{00A7CCBB-3BBC-49F6-A6F5-D72FB1324B5A}.Debug|x64.Build.0 = Debug|Any CPU
		{00A7CCBB-3BBC-49F6-A6F5-D72FB1324B5A}.Debug|x86.ActiveCfg = Debug|Any CPU
		{00A7CCBB-3BBC-49F6-A6F5-D72FB1324B5A}.Debug|x86.Build.0 = Debug|Any CPU
		{00A7CCBB-3BBC-49F6-A6F5-D72FB1324B5A}.Release|Any CPU.ActiveCfg = Release|Any CPU
		{00A7CCBB-3BBC-49F6-A6F5-D72FB1324B5A}.Release|Any CPU.Build.0 = Release|Any CPU
		{00A7CCBB-3BBC-49F6-A6F5-D72FB1324B5A}.Release|x64.ActiveCfg = Release|Any CPU
		{00A7CCBB-3BBC-49F6-A6F5-D72FB1324B5A}.Release|x64.Build.0 = Release|Any CPU
		{00A7CCBB-3BBC-49F6-A6F5-D72FB1324B5A}.Release|x86.ActiveCfg = Release|Any CPU
		{00A7CCBB-3BBC-49F6-A6F5-D72FB1324B5A}.Release|x86.Build.0 = Release|Any CPU
		{A1B2C3D4-E5F6-789A-BCDE-F0123456789A}.Debug|Any CPU.ActiveCfg = Debug|Any CPU
		{A1B2C3D4-E5F6-789A-BCDE-F0123456789A}.Debug|Any CPU.Build.0 = Debug|Any CPU
		{A1B2C3D4-E5F6-789A-BCDE-F0123456789A}.Debug|x64.ActiveCfg = Debug|Any CPU
		{A1B2C3D4-E5F6-789A-BCDE-F0123456789A}.Debug|x64.Build.0 = Debug|Any CPU
		{A1B2C3D4-E5F6-789A-BCDE-F0123456789A}.Debug|x86.ActiveCfg = Debug|Any CPU
		{A1B2C3D4-E5F6-789A-BCDE-F0123456789A}.Debug|x86.Build.0 = Debug|Any CPU
		{A1B2C3D4-E5F6-789A-BCDE-F0123456789A}.Release|Any CPU.ActiveCfg = Release|Any CPU
		{A1B2C3D4-E5F6-789A-BCDE-F0123456789A}.Release|Any CPU.Build.0 = Release|Any CPU
		{A1B2C3D4-E5F6-789A-BCDE-F0123456789A}.Release|x64.ActiveCfg = Release|Any CPU
		{A1B2C3D4-E5F6-789A-BCDE-F0123456789A}.Release|x64.Build.0 = Release|Any CPU
		{A1B2C3D4-E5F6-789A-BCDE-F0123456789A}.Release|x86.ActiveCfg = Release|Any CPU
		{A1B2C3D4-E5F6-789A-BCDE-F0123456789A}.Release|x86.Build.0 = Release|Any CPU
		{E654415A-919F-260B-8EA2-6C69C794F97C}.Debug|Any CPU.ActiveCfg = Debug|Any CPU
		{E654415A-919F-260B-8EA2-6C69C794F97C}.Debug|Any CPU.Build.0 = Debug|Any CPU
		{E654415A-919F-260B-8EA2-6C69C794F97C}.Debug|x64.ActiveCfg = Debug|Any CPU
		{E654415A-919F-260B-8EA2-6C69C794F97C}.Debug|x64.Build.0 = Debug|Any CPU
		{E654415A-919F-260B-8EA2-6C69C794F97C}.Debug|x86.ActiveCfg = Debug|Any CPU
		{E654415A-919F-260B-8EA2-6C69C794F97C}.Debug|x86.Build.0 = Debug|Any CPU
		{E654415A-919F-260B-8EA2-6C69C794F97C}.Release|Any CPU.ActiveCfg = Release|Any CPU
		{E654415A-919F-260B-8EA2-6C69C794F97C}.Release|Any CPU.Build.0 = Release|Any CPU
		{E654415A-919F-260B-8EA2-6C69C794F97C}.Release|x64.ActiveCfg = Release|Any CPU
		{E654415A-919F-260B-8EA2-6C69C794F97C}.Release|x64.Build.0 = Release|Any CPU
		{E654415A-919F-260B-8EA2-6C69C794F97C}.Release|x86.ActiveCfg = Release|Any CPU
		{E654415A-919F-260B-8EA2-6C69C794F97C}.Release|x86.Build.0 = Release|Any CPU
		{9F684D97-E917-4C27-B0B6-3FA547E35F8A}.Debug|Any CPU.ActiveCfg = Debug|Any CPU
		{9F684D97-E917-4C27-B0B6-3FA547E35F8A}.Debug|Any CPU.Build.0 = Debug|Any CPU
		{9F684D97-E917-4C27-B0B6-3FA547E35F8A}.Debug|x64.ActiveCfg = Debug|Any CPU
		{9F684D97-E917-4C27-B0B6-3FA547E35F8A}.Debug|x64.Build.0 = Debug|Any CPU
		{9F684D97-E917-4C27-B0B6-3FA547E35F8A}.Debug|x86.ActiveCfg = Debug|Any CPU
		{9F684D97-E917-4C27-B0B6-3FA547E35F8A}.Debug|x86.Build.0 = Debug|Any CPU
		{9F684D97-E917-4C27-B0B6-3FA547E35F8A}.Release|Any CPU.ActiveCfg = Release|Any CPU
		{9F684D97-E917-4C27-B0B6-3FA547E35F8A}.Release|Any CPU.Build.0 = Release|Any CPU
		{9F684D97-E917-4C27-B0B6-3FA547E35F8A}.Release|x64.ActiveCfg = Release|Any CPU
		{9F684D97-E917-4C27-B0B6-3FA547E35F8A}.Release|x64.Build.0 = Release|Any CPU
		{9F684D97-E917-4C27-B0B6-3FA547E35F8A}.Release|x86.ActiveCfg = Release|Any CPU
		{9F684D97-E917-4C27-B0B6-3FA547E35F8A}.Release|x86.Build.0 = Release|Any CPU
		{303A6D8A-C214-498D-85A4-68A9D95FBCBB}.Debug|Any CPU.ActiveCfg = Debug|Any CPU
		{303A6D8A-C214-498D-85A4-68A9D95FBCBB}.Debug|Any CPU.Build.0 = Debug|Any CPU
		{303A6D8A-C214-498D-85A4-68A9D95FBCBB}.Release|Any CPU.ActiveCfg = Release|Any CPU
		{303A6D8A-C214-498D-85A4-68A9D95FBCBB}.Release|Any CPU.Build.0 = Release|Any CPU
	EndGlobalSection
	GlobalSection(SolutionProperties) = preSolution
		HideSolutionNode = FALSE
	EndGlobalSection
	GlobalSection(NestedProjects) = preSolution
		{9F684D97-E917-4C27-B0B6-3FA547E35F8A} = {827E0CD3-B72D-47B6-A68D-7590B98EB39B}
	EndGlobalSection
	GlobalSection(ExtensibilityGlobals) = postSolution
		SolutionGuid = {DAA32F97-8538-436A-B6F8-D4547E009D6B}
	EndGlobalSection
EndGlobal
